
Microsoft Visual Studio Solution File, Format Version 12.00
# Visual Studio Version 17
VisualStudioVersion = 17.10.35122.118
MinimumVisualStudioVersion = 10.0.40219.1
Project("{FAE04EC0-301F-11D3-BF4B-00C04F79EFBC}") = "HotelBookingAPI", "HotelBookingAPI\HotelBookingAPI.csproj", "{95A6E217-E921-4582-9F3F-93E09CA919F0}"
EndProject
Global
	GlobalSection(SolutionConfigurationPlatforms) = preSolution
		Debug|Any CPU = Debug|Any CPU
		Release|Any CPU = Release|Any CPU
	EndGlobalSection
	GlobalSection(ProjectConfigurationPlatforms) = postSolution
		{95A6E217-E921-4582-9F3F-93E09CA919F0}.Debug|Any CPU.ActiveCfg = Debug|Any CPU
		{95A6E217-E921-4582-9F3F-93E09CA919F0}.Debug|Any CPU.Build.0 = Debug|Any CPU
		{95A6E217-E921-4582-9F3F-93E09CA919F0}.Release|Any CPU.ActiveCfg = Release|Any CPU
		{95A6E217-E921-4582-9F3F-93E09CA919F0}.Release|Any CPU.Build.0 = Release|Any CPU
	EndGlobalSection
	GlobalSection(SolutionProperties) = preSolution
		HideSolutionNode = FALSE
	EndGlobalSection
	GlobalSection(ExtensibilityGlobals) = postSolution
		SolutionGuid = {8BDD24A9-3A1D-449C-A700-7220731406F0}
	EndGlobalSection
EndGlobal
